// !$*UTF8*$!
{
	archiveVersion = 1;
	classes = {
	};
	objectVersion = 46;
	objects = {

/* Begin PBXBuildFile section */
		0909BFAF2C489EA35E835C38 /* libPods-ClientTest.a in Frameworks */ = {isa = PBXBuildFile; fileRef = D04520C0EE1641934DBAF840 /* libPods-ClientTest.a */; };
		0F5D09F01D264F5900F3FDD3 /* NSData+CRC32.m in Sources */ = {isa = PBXBuildFile; fileRef = 0F5D09EF1D264F5900F3FDD3 /* NSData+CRC32.m */; };
		0F8AEC401D262754007827BA /* main.m in Sources */ = {isa = PBXBuildFile; fileRef = 0F8AEC3F1D262754007827BA /* main.m */; };
		0F8AEC431D262754007827BA /* AppDelegate.m in Sources */ = {isa = PBXBuildFile; fileRef = 0F8AEC421D262754007827BA /* AppDelegate.m */; };
		0F8AEC461D262754007827BA /* ViewController.m in Sources */ = {isa = PBXBuildFile; fileRef = 0F8AEC451D262754007827BA /* ViewController.m */; };
		0F8AEC491D262754007827BA /* Main.storyboard in Resources */ = {isa = PBXBuildFile; fileRef = 0F8AEC471D262754007827BA /* Main.storyboard */; };
		0F8AEC4B1D262754007827BA /* Assets.xcassets in Resources */ = {isa = PBXBuildFile; fileRef = 0F8AEC4A1D262754007827BA /* Assets.xcassets */; };
		0F8AEC4E1D262754007827BA /* LaunchScreen.storyboard in Resources */ = {isa = PBXBuildFile; fileRef = 0F8AEC4C1D262754007827BA /* LaunchScreen.storyboard */; };
		0F8AEC591D262755007827BA /* ClientTestTests.m in Sources */ = {isa = PBXBuildFile; fileRef = 0F8AEC581D262755007827BA /* ClientTestTests.m */; };
		0F8AEC641D262755007827BA /* ClientTestUITests.m in Sources */ = {isa = PBXBuildFile; fileRef = 0F8AEC631D262755007827BA /* ClientTestUITests.m */; };
		1849961426D767E100385E24 /* MSHookFunctionARMCheck.c in Sources */ = {isa = PBXBuildFile; fileRef = 1849961026D767E100385E24 /* MSHookFunctionARMCheck.c */; settings = {COMPILER_FLAGS = "-fno-objc-arc"; }; };
		1849961526D767E100385E24 /* AntiMSHookFunctionARM.c in Sources */ = {isa = PBXBuildFile; fileRef = 1849961126D767E100385E24 /* AntiMSHookFunctionARM.c */; settings = {COMPILER_FLAGS = "-fno-objc-arc"; }; };
		1849964326D8DED400385E24 /* CoreFoundation.framework in Frameworks */ = {isa = PBXBuildFile; fileRef = 1849964226D8DED400385E24 /* CoreFoundation.framework */; };
		18514A0C266F24A700636889 /* WHCFileManager.m in Sources */ = {isa = PBXBuildFile; fileRef = 18514A0B266F24A700636889 /* WHCFileManager.m */; };
		18514A1B266F784900636889 /* CoreData.framework in Frameworks */ = {isa = PBXBuildFile; fileRef = 18514A1A266F784900636889 /* CoreData.framework */; };
		18514A20266F79A100636889 /* CoreTelephony.framework in Frameworks */ = {isa = PBXBuildFile; fileRef = 18514A1F266F79A100636889 /* CoreTelephony.framework */; };
		18515B7B26B0F72600B9DCA3 /* libFMDeviceManager.a in Frameworks */ = {isa = PBXBuildFile; fileRef = 18515B7A26B0F72600B9DCA3 /* libFMDeviceManager.a */; };
		185BB2292727A00E00933CAC /* MYDTManager.m in Sources */ = {isa = PBXBuildFile; fileRef = 185BB2282727A00E00933CAC /* MYDTManager.m */; };
		185BB22E2727A03000933CAC /* MYHelper.m in Sources */ = {isa = PBXBuildFile; fileRef = 185BB22D2727A03000933CAC /* MYHelper.m */; };
		185BB24D2727A1CE00933CAC /* fishhook.c in Sources */ = {isa = PBXBuildFile; fileRef = 185BB24B2727A1CE00933CAC /* fishhook.c */; };
		185BB24E2727A1CE00933CAC /* fishhook.c in Sources */ = {isa = PBXBuildFile; fileRef = 185BB24B2727A1CE00933CAC /* fishhook.c */; };
		185DDE902658DDB400A844DF /* AdSupport.framework in Frameworks */ = {isa = PBXBuildFile; fileRef = 185DDE8F2658DDB400A844DF /* AdSupport.framework */; };
		1892A18226DCC83D009E1BE3 /* AntiDebugTest.m in Sources */ = {isa = PBXBuildFile; fileRef = 1892A18026DCC83D009E1BE3 /* AntiDebugTest.m */; };
		1894FC9626AFDC8D009C00A4 /* MYDTCheckManager.m in Sources */ = {isa = PBXBuildFile; fileRef = 1894FC9526AFDC8D009C00A4 /* MYDTCheckManager.m */; };
		18952BE026799B8800076E04 /* libresolv.9.tbd in Frameworks */ = {isa = PBXBuildFile; fileRef = 18952BDF26799B8800076E04 /* libresolv.9.tbd */; };
		18972CBB266B6BF900ADBA9F /* SystemConfiguration.framework in Frameworks */ = {isa = PBXBuildFile; fileRef = 18972CBA266B6BF900ADBA9F /* SystemConfiguration.framework */; };
		18A0F227278046AA00E760A9 /* CGDChangAppManager.m in Sources */ = {isa = PBXBuildFile; fileRef = 18A0F226278046AA00E760A9 /* CGDChangAppManager.m */; };
		18A0F22A278046ED00E760A9 /* Log.m in Sources */ = {isa = PBXBuildFile; fileRef = 18A0F228278046EB00E760A9 /* Log.m */; };
		18A76AC2278E73D70056ECD9 /* libTalkingDataSDK.a in Frameworks */ = {isa = PBXBuildFile; fileRef = 18A76AC1278E73D70056ECD9 /* libTalkingDataSDK.a */; };
		18AC4B6F265B84A0004E41F9 /* CoreLocation.framework in Frameworks */ = {isa = PBXBuildFile; fileRef = 18AC4B6E265B849F004E41F9 /* CoreLocation.framework */; };
		18C588B326C24A9B00046B28 /* MobileCoreServices.framework in Frameworks */ = {isa = PBXBuildFile; fileRef = 18C588B226C24A9B00046B28 /* MobileCoreServices.framework */; };
		18C662C8266732A600A56D96 /* CTCarrier+Tm.m in Sources */ = {isa = PBXBuildFile; fileRef = 18C662C7266732A600A56D96 /* CTCarrier+Tm.m */; };
		18C6DCA72671E3D10072E0D9 /* OpenUDID.m in Sources */ = {isa = PBXBuildFile; fileRef = 18C6DCA62671E3D10072E0D9 /* OpenUDID.m */; settings = {COMPILER_FLAGS = "-fno-objc-arc"; }; };
		18C6DCB3267202AC0072E0D9 /* ANYMethodLog.m in Sources */ = {isa = PBXBuildFile; fileRef = 18C6DCB2267202AC0072E0D9 /* ANYMethodLog.m */; };
		18D21518279032E2007A16D7 /* AppsFlyerLib.framework in Frameworks */ = {isa = PBXBuildFile; fileRef = 18D21517279032E1007A16D7 /* AppsFlyerLib.framework */; };
		18D2151E27903458007A16D7 /* AppsFlyerLibManager.m in Sources */ = {isa = PBXBuildFile; fileRef = 18D2151C27903456007A16D7 /* AppsFlyerLibManager.m */; };
		18D7B7C3278E7AEC00739136 /* TinTalkingManager.m in Sources */ = {isa = PBXBuildFile; fileRef = 18D7B7C2278E7AEC00739136 /* TinTalkingManager.m */; };
		18D7B7C6278E84C700739136 /* BaiduMobStatManager.m in Sources */ = {isa = PBXBuildFile; fileRef = 18D7B7C5278E84C700739136 /* BaiduMobStatManager.m */; };
		18D7B7C9278E851A00739136 /* libBaiduMobStat.a in Frameworks */ = {isa = PBXBuildFile; fileRef = 18D7B7C8278E851A00739136 /* libBaiduMobStat.a */; };
		18D7B7CC278E862C00739136 /* UMConfigureManager.m in Sources */ = {isa = PBXBuildFile; fileRef = 18D7B7CB278E862C00739136 /* UMConfigureManager.m */; };
		18D7B7CE278E8A4100739136 /* UserFeedBack.framework in Frameworks */ = {isa = PBXBuildFile; fileRef = 18D7B7CD278E8A4100739136 /* UserFeedBack.framework */; };
		18D7B7D4278E8D6A00739136 /* janalytics-ios-2.1.2.a in Frameworks */ = {isa = PBXBuildFile; fileRef = 18D7B7D0278E8D6900739136 /* janalytics-ios-2.1.2.a */; };
		18D7B7D5278E8D6A00739136 /* jcore-ios-3.1.2.a in Frameworks */ = {isa = PBXBuildFile; fileRef = 18D7B7D2278E8D6900739136 /* jcore-ios-3.1.2.a */; };
		18D7B7D8278E8D9900739136 /* JiGuangManager.m in Sources */ = {isa = PBXBuildFile; fileRef = 18D7B7D7278E8D9900739136 /* JiGuangManager.m */; };
		18DBF5A3277B069A002CB931 /* Detect.s in Sources */ = {isa = PBXBuildFile; fileRef = 18DBF5A2277B069A002CB931 /* Detect.s */; };
		18FCF329267B26D500DCD94F /* UserCust.m in Sources */ = {isa = PBXBuildFile; fileRef = 18FCF327267B26D500DCD94F /* UserCust.m */; };
		3524EF9A1F4E7D51001CF837 /* DeviceDataLibrery.m in Sources */ = {isa = PBXBuildFile; fileRef = 3524EF991F4E7D51001CF837 /* DeviceDataLibrery.m */; };
		3525F6011F4D536C00C8FE8D /* NetWorkInfoManager.m in Sources */ = {isa = PBXBuildFile; fileRef = 3525F6001F4D536C00C8FE8D /* NetWorkInfoManager.m */; };
		356F36D21ECDB899001603AB /* BasicViewController.m in Sources */ = {isa = PBXBuildFile; fileRef = 356F36D11ECDB899001603AB /* BasicViewController.m */; };
		356F36E41ECDCC36001603AB /* DeviceInfoManager.m in Sources */ = {isa = PBXBuildFile; fileRef = 356F36E31ECDCC36001603AB /* DeviceInfoManager.m */; };
		357CB08B1F4D6E96006BFB52 /* BatteryInfoManager.m in Sources */ = {isa = PBXBuildFile; fileRef = 357CB08A1F4D6E96006BFB52 /* BatteryInfoManager.m */; };
/* End PBXBuildFile section */

/* Begin PBXContainerItemProxy section */
		0F8AEC551D262755007827BA /* PBXContainerItemProxy */ = {
			isa = PBXContainerItemProxy;
			containerPortal = 0F8AEC331D262754007827BA /* Project object */;
			proxyType = 1;
			remoteGlobalIDString = 0F8AEC3A1D262754007827BA;
			remoteInfo = ClientTest;
		};
		0F8AEC601D262755007827BA /* PBXContainerItemProxy */ = {
			isa = PBXContainerItemProxy;
			containerPortal = 0F8AEC331D262754007827BA /* Project object */;
			proxyType = 1;
			remoteGlobalIDString = 0F8AEC3A1D262754007827BA;
			remoteInfo = ClientTest;
		};
/* End PBXContainerItemProxy section */

/* Begin PBXCopyFilesBuildPhase section */
		18A6B9CF26DE30AC001747B4 /* CopyFiles */ = {
			isa = PBXCopyFilesBuildPhase;
			buildActionMask = 2147483647;
			dstPath = "";
			dstSubfolderSpec = 7;
			files = (
			);
			runOnlyForDeploymentPostprocessing = 0;
		};
		18C588D326C2755C00046B28 /* Embed Frameworks */ = {
			isa = PBXCopyFilesBuildPhase;
			buildActionMask = 2147483647;
			dstPath = "";
			dstSubfolderSpec = 10;
			files = (
			);
			name = "Embed Frameworks";
			runOnlyForDeploymentPostprocessing = 0;
		};
/* End PBXCopyFilesBuildPhase section */

/* Begin PBXFileReference section */
		05339BA392AA9DDA1FAF866A /* Pods-ClientTest.debug.xcconfig */ = {isa = PBXFileReference; includeInIndex = 1; lastKnownFileType = text.xcconfig; name = "Pods-ClientTest.debug.xcconfig"; path = "Target Support Files/Pods-ClientTest/Pods-ClientTest.debug.xcconfig"; sourceTree = "<group>"; };
		0F5D09EE1D264F5900F3FDD3 /* NSData+CRC32.h */ = {isa = PBXFileReference; fileEncoding = 4; lastKnownFileType = sourcecode.c.h; path = "NSData+CRC32.h"; sourceTree = "<group>"; };
		0F5D09EF1D264F5900F3FDD3 /* NSData+CRC32.m */ = {isa = PBXFileReference; fileEncoding = 4; lastKnownFileType = sourcecode.c.objc; path = "NSData+CRC32.m"; sourceTree = "<group>"; };
		0F8AEC3B1D262754007827BA /* ClientTest.app */ = {isa = PBXFileReference; explicitFileType = wrapper.application; includeInIndex = 0; path = ClientTest.app; sourceTree = BUILT_PRODUCTS_DIR; };
		0F8AEC3F1D262754007827BA /* main.m */ = {isa = PBXFileReference; lastKnownFileType = sourcecode.c.objc; path = main.m; sourceTree = "<group>"; };
		0F8AEC411D262754007827BA /* AppDelegate.h */ = {isa = PBXFileReference; lastKnownFileType = sourcecode.c.h; path = AppDelegate.h; sourceTree = "<group>"; };
		0F8AEC421D262754007827BA /* AppDelegate.m */ = {isa = PBXFileReference; lastKnownFileType = sourcecode.c.objc; path = AppDelegate.m; sourceTree = "<group>"; };
		0F8AEC441D262754007827BA /* ViewController.h */ = {isa = PBXFileReference; lastKnownFileType = sourcecode.c.h; path = ViewController.h; sourceTree = "<group>"; };
		0F8AEC451D262754007827BA /* ViewController.m */ = {isa = PBXFileReference; lastKnownFileType = sourcecode.c.objc; path = ViewController.m; sourceTree = "<group>"; };
		0F8AEC481D262754007827BA /* Base */ = {isa = PBXFileReference; lastKnownFileType = file.storyboard; name = Base; path = Base.lproj/Main.storyboard; sourceTree = "<group>"; };
		0F8AEC4A1D262754007827BA /* Assets.xcassets */ = {isa = PBXFileReference; lastKnownFileType = folder.assetcatalog; path = Assets.xcassets; sourceTree = "<group>"; };
		0F8AEC4D1D262754007827BA /* Base */ = {isa = PBXFileReference; lastKnownFileType = file.storyboard; name = Base; path = Base.lproj/LaunchScreen.storyboard; sourceTree = "<group>"; };
		0F8AEC4F1D262754007827BA /* Info.plist */ = {isa = PBXFileReference; lastKnownFileType = text.plist.xml; path = Info.plist; sourceTree = "<group>"; };
		0F8AEC541D262755007827BA /* ClientTestTests.xctest */ = {isa = PBXFileReference; explicitFileType = wrapper.cfbundle; includeInIndex = 0; path = ClientTestTests.xctest; sourceTree = BUILT_PRODUCTS_DIR; };
		0F8AEC581D262755007827BA /* ClientTestTests.m */ = {isa = PBXFileReference; lastKnownFileType = sourcecode.c.objc; path = ClientTestTests.m; sourceTree = "<group>"; };
		0F8AEC5A1D262755007827BA /* Info.plist */ = {isa = PBXFileReference; lastKnownFileType = text.plist.xml; path = Info.plist; sourceTree = "<group>"; };
		0F8AEC5F1D262755007827BA /* ClientTestUITests.xctest */ = {isa = PBXFileReference; explicitFileType = wrapper.cfbundle; includeInIndex = 0; path = ClientTestUITests.xctest; sourceTree = BUILT_PRODUCTS_DIR; };
		0F8AEC631D262755007827BA /* ClientTestUITests.m */ = {isa = PBXFileReference; lastKnownFileType = sourcecode.c.objc; path = ClientTestUITests.m; sourceTree = "<group>"; };
		0F8AEC651D262755007827BA /* Info.plist */ = {isa = PBXFileReference; lastKnownFileType = text.plist.xml; path = Info.plist; sourceTree = "<group>"; };
		1809675626B7F8BD00B16F72 /* url-resolutionplist.h */ = {isa = PBXFileReference; lastKnownFileType = sourcecode.c.h; path = "url-resolutionplist.h"; sourceTree = "<group>"; };
		181B68F826BA81B60023E7BD /* SystemVersionplist.h */ = {isa = PBXFileReference; lastKnownFileType = sourcecode.c.h; path = SystemVersionplist.h; sourceTree = "<group>"; };
		18257E0626B93E8000413F73 /* AppSupportframeworkInfoplist.h */ = {isa = PBXFileReference; lastKnownFileType = sourcecode.c.h; path = AppSupportframeworkInfoplist.h; sourceTree = "<group>"; };
		18257E0A26B93EFA00413F73 /* hfsfsInfoplist.h */ = {isa = PBXFileReference; lastKnownFileType = sourcecode.c.h; path = hfsfsInfoplist.h; sourceTree = "<group>"; };
		18257E0E26B940B200413F73 /* powerdbundleInfoplist.h */ = {isa = PBXFileReference; lastKnownFileType = sourcecode.c.h; path = powerdbundleInfoplist.h; sourceTree = "<group>"; };
		18257E0F26B940EF00413F73 /* LaunchDaemonsbootpsplist.h */ = {isa = PBXFileReference; lastKnownFileType = sourcecode.c.h; path = LaunchDaemonsbootpsplist.h; sourceTree = "<group>"; };
		18257E1026B9415A00413F73 /* mobilecomapplewebcontentfilterplist.h */ = {isa = PBXFileReference; lastKnownFileType = sourcecode.c.h; path = mobilecomapplewebcontentfilterplist.h; sourceTree = "<group>"; };
		18257E1126B941E900413F73 /* comapplemobile_container_managermetadataplist.h */ = {isa = PBXFileReference; lastKnownFileType = sourcecode.c.h; path = comapplemobile_container_managermetadataplist.h; sourceTree = "<group>"; };
		18257E1926B9431600413F73 /* iconscachecomapplemobile_container_managermetadataplist.h */ = {isa = PBXFileReference; lastKnownFileType = sourcecode.c.h; path = iconscachecomapplemobile_container_managermetadataplist.h; sourceTree = "<group>"; };
		183417C926BA9A2E00B5DBEA /* comapplepowerdplist.h */ = {isa = PBXFileReference; lastKnownFileType = sourcecode.c.h; path = comapplepowerdplist.h; sourceTree = "<group>"; };
		18366C4D26807A6000874249 /* libFMDeviceManager.a */ = {isa = PBXFileReference; lastKnownFileType = archive.ar; path = libFMDeviceManager.a; sourceTree = "<group>"; };
		18366C5226807AFC00874249 /* mycompram.h */ = {isa = PBXFileReference; lastKnownFileType = sourcecode.c.h; path = mycompram.h; sourceTree = "<group>"; };
		1838B23626B79368005598F1 /* myheader.h */ = {isa = PBXFileReference; lastKnownFileType = sourcecode.c.h; path = myheader.h; sourceTree = "<group>"; };
		1838B23D26B7DE82005598F1 /* miyueT.h */ = {isa = PBXFileReference; lastKnownFileType = sourcecode.c.h; path = miyueT.h; sourceTree = "<group>"; };
		1846B3E826BA3BAE001FADA6 /* CachesCheckpointplist.h */ = {isa = PBXFileReference; lastKnownFileType = sourcecode.c.h; path = CachesCheckpointplist.h; sourceTree = "<group>"; };
		1849961026D767E100385E24 /* MSHookFunctionARMCheck.c */ = {isa = PBXFileReference; fileEncoding = 4; lastKnownFileType = sourcecode.c.c; path = MSHookFunctionARMCheck.c; sourceTree = "<group>"; };
		1849961126D767E100385E24 /* AntiMSHookFunctionARM.c */ = {isa = PBXFileReference; fileEncoding = 4; lastKnownFileType = sourcecode.c.c; path = AntiMSHookFunctionARM.c; sourceTree = "<group>"; };
		1849961226D767E100385E24 /* MSHookFunctionARMCheck.h */ = {isa = PBXFileReference; fileEncoding = 4; lastKnownFileType = sourcecode.c.h; path = MSHookFunctionARMCheck.h; sourceTree = "<group>"; };
		1849961326D767E100385E24 /* AntiMSHookFunctionARM.h */ = {isa = PBXFileReference; fileEncoding = 4; lastKnownFileType = sourcecode.c.h; path = AntiMSHookFunctionARM.h; sourceTree = "<group>"; };
		1849964226D8DED400385E24 /* CoreFoundation.framework */ = {isa = PBXFileReference; lastKnownFileType = wrapper.framework; name = CoreFoundation.framework; path = System/Library/Frameworks/CoreFoundation.framework; sourceTree = SDKROOT; };
		184DF69E26C11E510019722E /* DTBijiao.h */ = {isa = PBXFileReference; lastKnownFileType = sourcecode.c.h; path = DTBijiao.h; sourceTree = "<group>"; };
		184DF69F26C1217C0019722E /* DTBIjiaojieguo.h */ = {isa = PBXFileReference; lastKnownFileType = sourcecode.c.h; path = DTBIjiaojieguo.h; sourceTree = "<group>"; };
		184F811A26AEA147001017E7 /* DT1.h */ = {isa = PBXFileReference; lastKnownFileType = sourcecode.c.h; path = DT1.h; sourceTree = "<group>"; };
		184F811C26AEABAD001017E7 /* DT2.h */ = {isa = PBXFileReference; lastKnownFileType = sourcecode.c.h; path = DT2.h; sourceTree = "<group>"; };
		184F812E26AEB2EC001017E7 /* NoBroken.h */ = {isa = PBXFileReference; lastKnownFileType = sourcecode.c.h; path = NoBroken.h; sourceTree = "<group>"; };
		184F813226AEBAEE001017E7 /* NOTD.h */ = {isa = PBXFileReference; lastKnownFileType = sourcecode.c.h; path = NOTD.h; sourceTree = "<group>"; };
		18514A0A266F24A600636889 /* WHCFileManager.h */ = {isa = PBXFileReference; fileEncoding = 4; lastKnownFileType = sourcecode.c.h; path = WHCFileManager.h; sourceTree = "<group>"; };
		18514A0B266F24A700636889 /* WHCFileManager.m */ = {isa = PBXFileReference; fileEncoding = 4; lastKnownFileType = sourcecode.c.objc; path = WHCFileManager.m; sourceTree = "<group>"; };
		18514A16266F77B300636889 /* libMobileGestalt.tbd */ = {isa = PBXFileReference; lastKnownFileType = "sourcecode.text-based-dylib-definition"; name = libMobileGestalt.tbd; path = usr/lib/libMobileGestalt.tbd; sourceTree = SDKROOT; };
		18514A1A266F784900636889 /* CoreData.framework */ = {isa = PBXFileReference; lastKnownFileType = wrapper.framework; name = CoreData.framework; path = System/Library/Frameworks/CoreData.framework; sourceTree = SDKROOT; };
		18514A1F266F79A100636889 /* CoreTelephony.framework */ = {isa = PBXFileReference; lastKnownFileType = wrapper.framework; name = CoreTelephony.framework; path = System/Library/Frameworks/CoreTelephony.framework; sourceTree = SDKROOT; };
		18515B7A26B0F72600B9DCA3 /* libFMDeviceManager.a */ = {isa = PBXFileReference; lastKnownFileType = archive.ar; name = libFMDeviceManager.a; path = ClientTest/libFMDeviceManager.a; sourceTree = "<group>"; };
		18515B7F26B1020500B9DCA3 /* DUBrokenLater.h */ = {isa = PBXFileReference; lastKnownFileType = sourcecode.c.h; path = DUBrokenLater.h; sourceTree = "<group>"; };
		1857573D26B9368E00A8DFA5 /* GlobalPreferencesplistvarManaged.h */ = {isa = PBXFileReference; lastKnownFileType = sourcecode.c.h; path = GlobalPreferencesplistvarManaged.h; sourceTree = "<group>"; };
		1857574126B9379A00A8DFA5 /* comapplewebcontentfilterplist.h */ = {isa = PBXFileReference; lastKnownFileType = sourcecode.c.h; path = comapplewebcontentfilterplist.h; sourceTree = "<group>"; };
		1857574526B9382C00A8DFA5 /* DateFormatsplist.h */ = {isa = PBXFileReference; lastKnownFileType = sourcecode.c.h; path = DateFormatsplist.h; sourceTree = "<group>"; };
		185BB2272727A00E00933CAC /* MYDTManager.h */ = {isa = PBXFileReference; fileEncoding = 4; lastKnownFileType = sourcecode.c.h; path = MYDTManager.h; sourceTree = "<group>"; };
		185BB2282727A00E00933CAC /* MYDTManager.m */ = {isa = PBXFileReference; fileEncoding = 4; lastKnownFileType = sourcecode.c.objc; path = MYDTManager.m; sourceTree = "<group>"; };
		185BB22C2727A03000933CAC /* MYHelper.h */ = {isa = PBXFileReference; fileEncoding = 4; lastKnownFileType = sourcecode.c.h; path = MYHelper.h; sourceTree = "<group>"; };
		185BB22D2727A03000933CAC /* MYHelper.m */ = {isa = PBXFileReference; fileEncoding = 4; lastKnownFileType = sourcecode.c.objc; path = MYHelper.m; sourceTree = "<group>"; };
		185BB24B2727A1CE00933CAC /* fishhook.c */ = {isa = PBXFileReference; fileEncoding = 4; lastKnownFileType = sourcecode.c.c; path = fishhook.c; sourceTree = "<group>"; };
		185BB24C2727A1CE00933CAC /* fishhook.h */ = {isa = PBXFileReference; fileEncoding = 4; lastKnownFileType = sourcecode.c.h; path = fishhook.h; sourceTree = "<group>"; };
		185DDE8F2658DDB400A844DF /* AdSupport.framework */ = {isa = PBXFileReference; lastKnownFileType = wrapper.framework; name = AdSupport.framework; path = System/Library/Frameworks/AdSupport.framework; sourceTree = SDKROOT; };
		1868969026FB0EA000075583 /* compare.h */ = {isa = PBXFileReference; lastKnownFileType = sourcecode.c.h; path = compare.h; sourceTree = "<group>"; };
		1892A18026DCC83D009E1BE3 /* AntiDebugTest.m */ = {isa = PBXFileReference; fileEncoding = 4; lastKnownFileType = sourcecode.c.objc; path = AntiDebugTest.m; sourceTree = "<group>"; };
		1892A18126DCC83D009E1BE3 /* AntiDebugTest.h */ = {isa = PBXFileReference; fileEncoding = 4; lastKnownFileType = sourcecode.c.h; path = AntiDebugTest.h; sourceTree = "<group>"; };
		1894FC7826AFAD51009C00A4 /* NODTAndNOBroken.h */ = {isa = PBXFileReference; lastKnownFileType = sourcecode.c.h; path = NODTAndNOBroken.h; sourceTree = "<group>"; };
		1894FC7D26AFAF33009C00A4 /* DODTAndNoBroken.h */ = {isa = PBXFileReference; lastKnownFileType = sourcecode.c.h; path = DODTAndNoBroken.h; sourceTree = "<group>"; };
		1894FC8926AFB1C6009C00A4 /* NODTAndBroken.h */ = {isa = PBXFileReference; lastKnownFileType = sourcecode.c.h; path = NODTAndBroken.h; sourceTree = "<group>"; };
		1894FC8D26AFB33B009C00A4 /* DODTAndBroken.h */ = {isa = PBXFileReference; lastKnownFileType = sourcecode.c.h; path = DODTAndBroken.h; sourceTree = "<group>"; };
		1894FC9326AFDAF4009C00A4 /* DTIDA.h */ = {isa = PBXFileReference; lastKnownFileType = sourcecode.c.h; path = DTIDA.h; sourceTree = "<group>"; };
		1894FC9426AFDC8D009C00A4 /* MYDTCheckManager.h */ = {isa = PBXFileReference; lastKnownFileType = sourcecode.c.h; path = MYDTCheckManager.h; sourceTree = "<group>"; };
		1894FC9526AFDC8D009C00A4 /* MYDTCheckManager.m */ = {isa = PBXFileReference; lastKnownFileType = sourcecode.c.objc; path = MYDTCheckManager.m; sourceTree = "<group>"; };
		1894FCA426B008C7009C00A4 /* wudt+noborken.h */ = {isa = PBXFileReference; lastKnownFileType = sourcecode.c.h; path = "wudt+noborken.h"; sourceTree = "<group>"; };
		18952BDA26799B3B00076E04 /* FMDeviceManager.h */ = {isa = PBXFileReference; fileEncoding = 4; lastKnownFileType = sourcecode.c.h; path = FMDeviceManager.h; sourceTree = "<group>"; };
		18952BDF26799B8800076E04 /* libresolv.9.tbd */ = {isa = PBXFileReference; lastKnownFileType = "sourcecode.text-based-dylib-definition"; name = libresolv.9.tbd; path = usr/lib/libresolv.9.tbd; sourceTree = SDKROOT; };
		18952BE426799BA600076E04 /* ClientTest.entitlements */ = {isa = PBXFileReference; lastKnownFileType = text.plist.entitlements; path = ClientTest.entitlements; sourceTree = "<group>"; };
		18972CBA266B6BF900ADBA9F /* SystemConfiguration.framework */ = {isa = PBXFileReference; lastKnownFileType = wrapper.framework; name = SystemConfiguration.framework; path = System/Library/Frameworks/SystemConfiguration.framework; sourceTree = SDKROOT; };
		18972CBC266B6C0300ADBA9F /* libz.tbd */ = {isa = PBXFileReference; lastKnownFileType = "sourcecode.text-based-dylib-definition"; name = libz.tbd; path = usr/lib/libz.tbd; sourceTree = SDKROOT; };
		18972CBD266B6C1100ADBA9F /* libsqlite3.tbd */ = {isa = PBXFileReference; lastKnownFileType = "sourcecode.text-based-dylib-definition"; name = libsqlite3.tbd; path = usr/lib/libsqlite3.tbd; sourceTree = SDKROOT; };
		18A0F225278046A900E760A9 /* CGDChangAppManager.h */ = {isa = PBXFileReference; fileEncoding = 4; lastKnownFileType = sourcecode.c.h; path = CGDChangAppManager.h; sourceTree = "<group>"; };
		18A0F226278046AA00E760A9 /* CGDChangAppManager.m */ = {isa = PBXFileReference; fileEncoding = 4; lastKnownFileType = sourcecode.c.objc; path = CGDChangAppManager.m; sourceTree = "<group>"; };
		18A0F228278046EB00E760A9 /* Log.m */ = {isa = PBXFileReference; fileEncoding = 4; lastKnownFileType = sourcecode.c.objc; path = Log.m; sourceTree = "<group>"; };
		18A0F229278046EC00E760A9 /* Log.h */ = {isa = PBXFileReference; fileEncoding = 4; lastKnownFileType = sourcecode.c.h; path = Log.h; sourceTree = "<group>"; };
		18A547A32772C56900EA1195 /* sysctlName.h */ = {isa = PBXFileReference; lastKnownFileType = sourcecode.c.h; path = sysctlName.h; sourceTree = "<group>"; };
		18A76AC1278E73D70056ECD9 /* libTalkingDataSDK.a */ = {isa = PBXFileReference; lastKnownFileType = archive.ar; path = libTalkingDataSDK.a; sourceTree = "<group>"; };
		18A76AC3278E73E60056ECD9 /* TalkingDataSDK.h */ = {isa = PBXFileReference; fileEncoding = 4; lastKnownFileType = sourcecode.c.h; path = TalkingDataSDK.h; sourceTree = "<group>"; };
		18AC4B6E265B849F004E41F9 /* CoreLocation.framework */ = {isa = PBXFileReference; lastKnownFileType = wrapper.framework; name = CoreLocation.framework; path = System/Library/Frameworks/CoreLocation.framework; sourceTree = SDKROOT; };
		18C4C70526B00DC800D167C4 /* dt+nobroken.h */ = {isa = PBXFileReference; lastKnownFileType = sourcecode.c.h; path = "dt+nobroken.h"; sourceTree = "<group>"; };
		18C4C70B26B00E6E00D167C4 /* dt+nobroken1.h */ = {isa = PBXFileReference; lastKnownFileType = sourcecode.c.h; path = "dt+nobroken1.h"; sourceTree = "<group>"; };
		18C4C70F26B00FC900D167C4 /* wudt+nobroken1.h */ = {isa = PBXFileReference; lastKnownFileType = sourcecode.c.h; path = "wudt+nobroken1.h"; sourceTree = "<group>"; };
		18C4C72A26B017D300D167C4 /* dt+broken.h */ = {isa = PBXFileReference; lastKnownFileType = sourcecode.c.h; path = "dt+broken.h"; sourceTree = "<group>"; };
		18C4C72B26B017E300D167C4 /* dt+broken1.h */ = {isa = PBXFileReference; lastKnownFileType = sourcecode.c.h; path = "dt+broken1.h"; sourceTree = "<group>"; };
		18C4C72F26B019C700D167C4 /* wudt+broken.h */ = {isa = PBXFileReference; lastKnownFileType = sourcecode.c.h; path = "wudt+broken.h"; sourceTree = "<group>"; };
		18C4C73026B019DD00D167C4 /* wudt+broken1.h */ = {isa = PBXFileReference; lastKnownFileType = sourcecode.c.h; path = "wudt+broken1.h"; sourceTree = "<group>"; };
		18C588B226C24A9B00046B28 /* MobileCoreServices.framework */ = {isa = PBXFileReference; lastKnownFileType = wrapper.framework; name = MobileCoreServices.framework; path = System/Library/Frameworks/MobileCoreServices.framework; sourceTree = SDKROOT; };
		18C588DB26C27D8500046B28 /* MobileDevice.framework */ = {isa = PBXFileReference; lastKnownFileType = wrapper.framework; path = MobileDevice.framework; sourceTree = "<group>"; };
		18C662C6266732A600A56D96 /* CTCarrier+Tm.h */ = {isa = PBXFileReference; lastKnownFileType = sourcecode.c.h; path = "CTCarrier+Tm.h"; sourceTree = "<group>"; };
		18C662C7266732A600A56D96 /* CTCarrier+Tm.m */ = {isa = PBXFileReference; lastKnownFileType = sourcecode.c.objc; path = "CTCarrier+Tm.m"; sourceTree = "<group>"; };
		18C6DCA52671E3D10072E0D9 /* OpenUDID.h */ = {isa = PBXFileReference; fileEncoding = 4; lastKnownFileType = sourcecode.c.h; path = OpenUDID.h; sourceTree = "<group>"; };
		18C6DCA62671E3D10072E0D9 /* OpenUDID.m */ = {isa = PBXFileReference; fileEncoding = 4; lastKnownFileType = sourcecode.c.objc; path = OpenUDID.m; sourceTree = "<group>"; };
		18C6DCB1267202AC0072E0D9 /* ANYMethodLog.h */ = {isa = PBXFileReference; fileEncoding = 4; lastKnownFileType = sourcecode.c.h; path = ANYMethodLog.h; sourceTree = "<group>"; };
		18C6DCB2267202AC0072E0D9 /* ANYMethodLog.m */ = {isa = PBXFileReference; fileEncoding = 4; lastKnownFileType = sourcecode.c.objc; path = ANYMethodLog.m; sourceTree = "<group>"; };
		18D21517279032E1007A16D7 /* AppsFlyerLib.framework */ = {isa = PBXFileReference; lastKnownFileType = wrapper.framework; path = AppsFlyerLib.framework; sourceTree = "<group>"; };
		18D2151C27903456007A16D7 /* AppsFlyerLibManager.m */ = {isa = PBXFileReference; fileEncoding = 4; lastKnownFileType = sourcecode.c.objc; path = AppsFlyerLibManager.m; sourceTree = "<group>"; };
		18D2151D27903457007A16D7 /* AppsFlyerLibManager.h */ = {isa = PBXFileReference; fileEncoding = 4; lastKnownFileType = sourcecode.c.h; path = AppsFlyerLibManager.h; sourceTree = "<group>"; };
		18D7B7C1278E7AEC00739136 /* TinTalkingManager.h */ = {isa = PBXFileReference; lastKnownFileType = sourcecode.c.h; path = TinTalkingManager.h; sourceTree = "<group>"; };
		18D7B7C2278E7AEC00739136 /* TinTalkingManager.m */ = {isa = PBXFileReference; lastKnownFileType = sourcecode.c.objc; path = TinTalkingManager.m; sourceTree = "<group>"; };
		18D7B7C4278E84C700739136 /* BaiduMobStatManager.h */ = {isa = PBXFileReference; lastKnownFileType = sourcecode.c.h; path = BaiduMobStatManager.h; sourceTree = "<group>"; };
		18D7B7C5278E84C700739136 /* BaiduMobStatManager.m */ = {isa = PBXFileReference; lastKnownFileType = sourcecode.c.objc; path = BaiduMobStatManager.m; sourceTree = "<group>"; };
		18D7B7C7278E851900739136 /* BaiduMobStat.h */ = {isa = PBXFileReference; fileEncoding = 4; lastKnownFileType = sourcecode.c.h; path = BaiduMobStat.h; sourceTree = "<group>"; };
		18D7B7C8278E851A00739136 /* libBaiduMobStat.a */ = {isa = PBXFileReference; lastKnownFileType = archive.ar; path = libBaiduMobStat.a; sourceTree = "<group>"; };
		18D7B7CA278E862C00739136 /* UMConfigureManager.h */ = {isa = PBXFileReference; lastKnownFileType = sourcecode.c.h; path = UMConfigureManager.h; sourceTree = "<group>"; };
		18D7B7CB278E862C00739136 /* UMConfigureManager.m */ = {isa = PBXFileReference; lastKnownFileType = sourcecode.c.objc; path = UMConfigureManager.m; sourceTree = "<group>"; };
		18D7B7CD278E8A4100739136 /* UserFeedBack.framework */ = {isa = PBXFileReference; lastKnownFileType = wrapper.framework; path = UserFeedBack.framework; sourceTree = "<group>"; };
		18D7B7D0278E8D6900739136 /* janalytics-ios-2.1.2.a */ = {isa = PBXFileReference; lastKnownFileType = archive.ar; path = "janalytics-ios-2.1.2.a"; sourceTree = "<group>"; };
		18D7B7D1278E8D6900739136 /* JANALYTICSService.h */ = {isa = PBXFileReference; fileEncoding = 4; lastKnownFileType = sourcecode.c.h; path = JANALYTICSService.h; sourceTree = "<group>"; };
		18D7B7D2278E8D6900739136 /* jcore-ios-3.1.2.a */ = {isa = PBXFileReference; lastKnownFileType = archive.ar; path = "jcore-ios-3.1.2.a"; sourceTree = "<group>"; };
		18D7B7D3278E8D6900739136 /* JANALYTICSEventObject.h */ = {isa = PBXFileReference; fileEncoding = 4; lastKnownFileType = sourcecode.c.h; path = JANALYTICSEventObject.h; sourceTree = "<group>"; };
		18D7B7D6278E8D9900739136 /* JiGuangManager.h */ = {isa = PBXFileReference; lastKnownFileType = sourcecode.c.h; path = JiGuangManager.h; sourceTree = "<group>"; };
		18D7B7D7278E8D9900739136 /* JiGuangManager.m */ = {isa = PBXFileReference; lastKnownFileType = sourcecode.c.objc; path = JiGuangManager.m; sourceTree = "<group>"; };
		18DBF5A2277B069A002CB931 /* Detect.s */ = {isa = PBXFileReference; fileEncoding = 4; lastKnownFileType = sourcecode.asm; path = Detect.s; sourceTree = "<group>"; };
		18F6B1A526CCDD7500E9117C /* MGDatabase.h */ = {isa = PBXFileReference; fileEncoding = 4; lastKnownFileType = sourcecode.c.h; path = MGDatabase.h; sourceTree = "<group>"; };
		18FCF327267B26D500DCD94F /* UserCust.m */ = {isa = PBXFileReference; fileEncoding = 4; lastKnownFileType = sourcecode.c.objc; path = UserCust.m; sourceTree = "<group>"; };
		18FCF328267B26D500DCD94F /* UserCust.h */ = {isa = PBXFileReference; fileEncoding = 4; lastKnownFileType = sourcecode.c.h; path = UserCust.h; sourceTree = "<group>"; };
		3524EF981F4E7D51001CF837 /* DeviceDataLibrery.h */ = {isa = PBXFileReference; lastKnownFileType = sourcecode.c.h; path = DeviceDataLibrery.h; sourceTree = "<group>"; };
		3524EF991F4E7D51001CF837 /* DeviceDataLibrery.m */ = {isa = PBXFileReference; lastKnownFileType = sourcecode.c.objc; path = DeviceDataLibrery.m; sourceTree = "<group>"; };
		3525F5FF1F4D536C00C8FE8D /* NetWorkInfoManager.h */ = {isa = PBXFileReference; fileEncoding = 4; lastKnownFileType = sourcecode.c.h; path = NetWorkInfoManager.h; sourceTree = "<group>"; };
		3525F6001F4D536C00C8FE8D /* NetWorkInfoManager.m */ = {isa = PBXFileReference; fileEncoding = 4; lastKnownFileType = sourcecode.c.objc; path = NetWorkInfoManager.m; sourceTree = "<group>"; };
		356F36D01ECDB899001603AB /* BasicViewController.h */ = {isa = PBXFileReference; fileEncoding = 4; lastKnownFileType = sourcecode.c.h; path = BasicViewController.h; sourceTree = "<group>"; };
		356F36D11ECDB899001603AB /* BasicViewController.m */ = {isa = PBXFileReference; fileEncoding = 4; lastKnownFileType = sourcecode.c.objc; path = BasicViewController.m; sourceTree = "<group>"; };
		356F36E21ECDCC36001603AB /* DeviceInfoManager.h */ = {isa = PBXFileReference; fileEncoding = 4; lastKnownFileType = sourcecode.c.h; path = DeviceInfoManager.h; sourceTree = "<group>"; };
		356F36E31ECDCC36001603AB /* DeviceInfoManager.m */ = {isa = PBXFileReference; fileEncoding = 4; lastKnownFileType = sourcecode.c.objc; path = DeviceInfoManager.m; sourceTree = "<group>"; };
		357CB0891F4D6E96006BFB52 /* BatteryInfoManager.h */ = {isa = PBXFileReference; fileEncoding = 4; lastKnownFileType = sourcecode.c.h; path = BatteryInfoManager.h; sourceTree = "<group>"; };
		357CB08A1F4D6E96006BFB52 /* BatteryInfoManager.m */ = {isa = PBXFileReference; fileEncoding = 4; lastKnownFileType = sourcecode.c.objc; path = BatteryInfoManager.m; sourceTree = "<group>"; };
		D04520C0EE1641934DBAF840 /* libPods-ClientTest.a */ = {isa = PBXFileReference; explicitFileType = archive.ar; includeInIndex = 0; path = "libPods-ClientTest.a"; sourceTree = BUILT_PRODUCTS_DIR; };
		F8E5545DF40E7538362CD239 /* Pods-ClientTest.release.xcconfig */ = {isa = PBXFileReference; includeInIndex = 1; lastKnownFileType = text.xcconfig; name = "Pods-ClientTest.release.xcconfig"; path = "Target Support Files/Pods-ClientTest/Pods-ClientTest.release.xcconfig"; sourceTree = "<group>"; };
/* End PBXFileReference section */

/* Begin PBXFrameworksBuildPhase section */
		0F8AEC381D262754007827BA /* Frameworks */ = {
			isa = PBXFrameworksBuildPhase;
			buildActionMask = 2147483647;
			files = (
				1849964326D8DED400385E24 /* CoreFoundation.framework in Frameworks */,
				18515B7B26B0F72600B9DCA3 /* libFMDeviceManager.a in Frameworks */,
				18A76AC2278E73D70056ECD9 /* libTalkingDataSDK.a in Frameworks */,
				18952BE026799B8800076E04 /* libresolv.9.tbd in Frameworks */,
				18AC4B6F265B84A0004E41F9 /* CoreLocation.framework in Frameworks */,
				185DDE902658DDB400A844DF /* AdSupport.framework in Frameworks */,
				18514A1B266F784900636889 /* CoreData.framework in Frameworks */,
				18D7B7D5278E8D6A00739136 /* jcore-ios-3.1.2.a in Frameworks */,
				18972CBB266B6BF900ADBA9F /* SystemConfiguration.framework in Frameworks */,
				18C588B326C24A9B00046B28 /* MobileCoreServices.framework in Frameworks */,
				18514A20266F79A100636889 /* CoreTelephony.framework in Frameworks */,
				18D7B7C9278E851A00739136 /* libBaiduMobStat.a in Frameworks */,
				18D7B7D4278E8D6A00739136 /* janalytics-ios-2.1.2.a in Frameworks */,
				0909BFAF2C489EA35E835C38 /* libPods-ClientTest.a in Frameworks */,
				18D7B7CE278E8A4100739136 /* UserFeedBack.framework in Frameworks */,
				18D21518279032E2007A16D7 /* AppsFlyerLib.framework in Frameworks */,
			);
			runOnlyForDeploymentPostprocessing = 0;
		};
		0F8AEC511D262755007827BA /* Frameworks */ = {
			isa = PBXFrameworksBuildPhase;
			buildActionMask = 2147483647;
			files = (
			);
			runOnlyForDeploymentPostprocessing = 0;
		};
		0F8AEC5C1D262755007827BA /* Frameworks */ = {
			isa = PBXFrameworksBuildPhase;
			buildActionMask = 2147483647;
			files = (
			);
			runOnlyForDeploymentPostprocessing = 0;
		};
/* End PBXFrameworksBuildPhase section */

/* Begin PBXGroup section */
		0F5D09F71D26566A00F3FDD3 /* Model */ = {
			isa = PBXGroup;
			children = (
			);
			name = Model;
			sourceTree = "<group>";
		};
		0F5D09F81D26567100F3FDD3 /* View */ = {
			isa = PBXGroup;
			children = (
			);
			name = View;
			sourceTree = "<group>";
		};
		0F5D09F91D26567900F3FDD3 /* Controller */ = {
			isa = PBXGroup;
			children = (
				0F8AEC441D262754007827BA /* ViewController.h */,
				0F8AEC451D262754007827BA /* ViewController.m */,
				356F36D01ECDB899001603AB /* BasicViewController.h */,
				356F36D11ECDB899001603AB /* BasicViewController.m */,
				1894FC9426AFDC8D009C00A4 /* MYDTCheckManager.h */,
				1894FC9526AFDC8D009C00A4 /* MYDTCheckManager.m */,
				18C6DCA52671E3D10072E0D9 /* OpenUDID.h */,
				18C6DCA62671E3D10072E0D9 /* OpenUDID.m */,
				18C662C6266732A600A56D96 /* CTCarrier+Tm.h */,
				18C662C7266732A600A56D96 /* CTCarrier+Tm.m */,
				1894FCA326B00883009C00A4 /* DT */,
				1894FC7926AFAEA7009C00A4 /* DTCheck */,
			);
			name = Controller;
			sourceTree = "<group>";
		};
		0F5D09FA1D26568100F3FDD3 /* Others */ = {
			isa = PBXGroup;
			children = (
				18A0F225278046A900E760A9 /* CGDChangAppManager.h */,
				18A0F226278046AA00E760A9 /* CGDChangAppManager.m */,
				0F5D09EE1D264F5900F3FDD3 /* NSData+CRC32.h */,
				0F5D09EF1D264F5900F3FDD3 /* NSData+CRC32.m */,
				0F8AEC411D262754007827BA /* AppDelegate.h */,
				0F8AEC421D262754007827BA /* AppDelegate.m */,
				18D2151D27903457007A16D7 /* AppsFlyerLibManager.h */,
				18D2151C27903456007A16D7 /* AppsFlyerLibManager.m */,
				185BB2272727A00E00933CAC /* MYDTManager.h */,
				185BB2282727A00E00933CAC /* MYDTManager.m */,
				18D7B7C1278E7AEC00739136 /* TinTalkingManager.h */,
				18D7B7C2278E7AEC00739136 /* TinTalkingManager.m */,
				18D7B7C4278E84C700739136 /* BaiduMobStatManager.h */,
				18D7B7C5278E84C700739136 /* BaiduMobStatManager.m */,
				18D7B7CA278E862C00739136 /* UMConfigureManager.h */,
				18D7B7CB278E862C00739136 /* UMConfigureManager.m */,
				18D7B7D6278E8D9900739136 /* JiGuangManager.h */,
				18D7B7D7278E8D9900739136 /* JiGuangManager.m */,
				185BB22C2727A03000933CAC /* MYHelper.h */,
				185BB22D2727A03000933CAC /* MYHelper.m */,
				18C6DCB1267202AC0072E0D9 /* ANYMethodLog.h */,
				18C6DCB2267202AC0072E0D9 /* ANYMethodLog.m */,
				18514A0A266F24A600636889 /* WHCFileManager.h */,
				18514A0B266F24A700636889 /* WHCFileManager.m */,
				1849961126D767E100385E24 /* AntiMSHookFunctionARM.c */,
				1849961326D767E100385E24 /* AntiMSHookFunctionARM.h */,
				1849961026D767E100385E24 /* MSHookFunctionARMCheck.c */,
				1849961226D767E100385E24 /* MSHookFunctionARMCheck.h */,
				1868969026FB0EA000075583 /* compare.h */,
				18FCF328267B26D500DCD94F /* UserCust.h */,
				18FCF327267B26D500DCD94F /* UserCust.m */,
				18A0F229278046EC00E760A9 /* Log.h */,
				18A0F228278046EB00E760A9 /* Log.m */,
				1892A17F26DCC83D009E1BE3 /* AntiDebug */,
			);
			name = Others;
			sourceTree = "<group>";
		};
		0F8AEC321D262754007827BA = {
			isa = PBXGroup;
			children = (
				0F8AEC3D1D262754007827BA /* ClientTest */,
				0F8AEC571D262755007827BA /* ClientTestTests */,
				0F8AEC621D262755007827BA /* ClientTestUITests */,
				0F8AEC3C1D262754007827BA /* Products */,
				185DDE8E2658DDB400A844DF /* Frameworks */,
				9CFBC0DF73A1E52165526EA0 /* Pods */,
			);
			sourceTree = "<group>";
		};
		0F8AEC3C1D262754007827BA /* Products */ = {
			isa = PBXGroup;
			children = (
				0F8AEC3B1D262754007827BA /* ClientTest.app */,
				0F8AEC541D262755007827BA /* ClientTestTests.xctest */,
				0F8AEC5F1D262755007827BA /* ClientTestUITests.xctest */,
			);
			name = Products;
			sourceTree = "<group>";
		};
		0F8AEC3D1D262754007827BA /* ClientTest */ = {
			isa = PBXGroup;
			children = (
				18952BE426799BA600076E04 /* ClientTest.entitlements */,
				18952BD826799B2700076E04 /* UD */,
				356F36D91ECDCB16001603AB /* Class */,
				0F5D09FA1D26568100F3FDD3 /* Others */,
				0F5D09F91D26567900F3FDD3 /* Controller */,
				0F5D09F81D26567100F3FDD3 /* View */,
				0F5D09F71D26566A00F3FDD3 /* Model */,
				0F8AEC471D262754007827BA /* Main.storyboard */,
				0F8AEC4A1D262754007827BA /* Assets.xcassets */,
				0F8AEC4C1D262754007827BA /* LaunchScreen.storyboard */,
				0F8AEC4F1D262754007827BA /* Info.plist */,
				0F8AEC3E1D262754007827BA /* Supporting Files */,
			);
			path = ClientTest;
			sourceTree = "<group>";
		};
		0F8AEC3E1D262754007827BA /* Supporting Files */ = {
			isa = PBXGroup;
			children = (
				0F8AEC3F1D262754007827BA /* main.m */,
			);
			name = "Supporting Files";
			sourceTree = "<group>";
		};
		0F8AEC571D262755007827BA /* ClientTestTests */ = {
			isa = PBXGroup;
			children = (
				0F8AEC581D262755007827BA /* ClientTestTests.m */,
				0F8AEC5A1D262755007827BA /* Info.plist */,
			);
			path = ClientTestTests;
			sourceTree = "<group>";
		};
		0F8AEC621D262755007827BA /* ClientTestUITests */ = {
			isa = PBXGroup;
			children = (
				0F8AEC631D262755007827BA /* ClientTestUITests.m */,
				0F8AEC651D262755007827BA /* Info.plist */,
			);
			path = ClientTestUITests;
			sourceTree = "<group>";
		};
		1809675526B7F87500B16F72 /* TDBrokenCheck */ = {
			isa = PBXGroup;
			children = (
				1809675626B7F8BD00B16F72 /* url-resolutionplist.h */,
				1857573D26B9368E00A8DFA5 /* GlobalPreferencesplistvarManaged.h */,
				1857574126B9379A00A8DFA5 /* comapplewebcontentfilterplist.h */,
				1857574526B9382C00A8DFA5 /* DateFormatsplist.h */,
				18257E0626B93E8000413F73 /* AppSupportframeworkInfoplist.h */,
				18257E0A26B93EFA00413F73 /* hfsfsInfoplist.h */,
				18257E0E26B940B200413F73 /* powerdbundleInfoplist.h */,
				18257E0F26B940EF00413F73 /* LaunchDaemonsbootpsplist.h */,
				18257E1026B9415A00413F73 /* mobilecomapplewebcontentfilterplist.h */,
				18257E1126B941E900413F73 /* comapplemobile_container_managermetadataplist.h */,
				18257E1926B9431600413F73 /* iconscachecomapplemobile_container_managermetadataplist.h */,
				1846B3E826BA3BAE001FADA6 /* CachesCheckpointplist.h */,
				181B68F826BA81B60023E7BD /* SystemVersionplist.h */,
				183417C926BA9A2E00B5DBEA /* comapplepowerdplist.h */,
			);
			name = TDBrokenCheck;
			sourceTree = "<group>";
		};
		185DDE8E2658DDB400A844DF /* Frameworks */ = {
			isa = PBXGroup;
			children = (
				18D21517279032E1007A16D7 /* AppsFlyerLib.framework */,
				1849964226D8DED400385E24 /* CoreFoundation.framework */,
				18C588B226C24A9B00046B28 /* MobileCoreServices.framework */,
				18952BDF26799B8800076E04 /* libresolv.9.tbd */,
				18514A1F266F79A100636889 /* CoreTelephony.framework */,
				18514A1A266F784900636889 /* CoreData.framework */,
				18514A16266F77B300636889 /* libMobileGestalt.tbd */,
				18972CBD266B6C1100ADBA9F /* libsqlite3.tbd */,
				18D7B7CD278E8A4100739136 /* UserFeedBack.framework */,
				18972CBC266B6C0300ADBA9F /* libz.tbd */,
				18515B7A26B0F72600B9DCA3 /* libFMDeviceManager.a */,
				18972CBA266B6BF900ADBA9F /* SystemConfiguration.framework */,
				18AC4B6E265B849F004E41F9 /* CoreLocation.framework */,
				185DDE8F2658DDB400A844DF /* AdSupport.framework */,
				D04520C0EE1641934DBAF840 /* libPods-ClientTest.a */,
			);
			name = Frameworks;
			sourceTree = "<group>";
		};
		1892A17F26DCC83D009E1BE3 /* AntiDebug */ = {
			isa = PBXGroup;
			children = (
				1892A18126DCC83D009E1BE3 /* AntiDebugTest.h */,
				1892A18026DCC83D009E1BE3 /* AntiDebugTest.m */,
			);
			path = AntiDebug;
			sourceTree = "<group>";
		};
		1894FC7926AFAEA7009C00A4 /* DTCheck */ = {
			isa = PBXGroup;
			children = (
				184F811A26AEA147001017E7 /* DT1.h */,
				184F811C26AEABAD001017E7 /* DT2.h */,
				184F813226AEBAEE001017E7 /* NOTD.h */,
				184F812E26AEB2EC001017E7 /* NoBroken.h */,
				1894FC7826AFAD51009C00A4 /* NODTAndNOBroken.h */,
				1894FC7D26AFAF33009C00A4 /* DODTAndNoBroken.h */,
				1894FC8926AFB1C6009C00A4 /* NODTAndBroken.h */,
				184DF69F26C1217C0019722E /* DTBIjiaojieguo.h */,
				1894FC8D26AFB33B009C00A4 /* DODTAndBroken.h */,
				1894FC9326AFDAF4009C00A4 /* DTIDA.h */,
				1838B23626B79368005598F1 /* myheader.h */,
				1838B23D26B7DE82005598F1 /* miyueT.h */,
				18A547A32772C56900EA1195 /* sysctlName.h */,
				18C588DB26C27D8500046B28 /* MobileDevice.framework */,
			);
			name = DTCheck;
			sourceTree = "<group>";
		};
		1894FCA326B00883009C00A4 /* DT */ = {
			isa = PBXGroup;
			children = (
				1894FCA426B008C7009C00A4 /* wudt+noborken.h */,
				18C4C70F26B00FC900D167C4 /* wudt+nobroken1.h */,
				18C4C70526B00DC800D167C4 /* dt+nobroken.h */,
				18C4C70B26B00E6E00D167C4 /* dt+nobroken1.h */,
				184DF69E26C11E510019722E /* DTBijiao.h */,
				18C4C72A26B017D300D167C4 /* dt+broken.h */,
				18C4C72B26B017E300D167C4 /* dt+broken1.h */,
				18C4C72F26B019C700D167C4 /* wudt+broken.h */,
				18C4C73026B019DD00D167C4 /* wudt+broken1.h */,
				18515B7F26B1020500B9DCA3 /* DUBrokenLater.h */,
				1809675526B7F87500B16F72 /* TDBrokenCheck */,
			);
			name = DT;
			sourceTree = "<group>";
		};
		18952BD826799B2700076E04 /* UD */ = {
			isa = PBXGroup;
			children = (
				18A76AC3278E73E60056ECD9 /* TalkingDataSDK.h */,
				18A76AC1278E73D70056ECD9 /* libTalkingDataSDK.a */,
				18952BDA26799B3B00076E04 /* FMDeviceManager.h */,
				18366C4D26807A6000874249 /* libFMDeviceManager.a */,
				18D7B7C7278E851900739136 /* BaiduMobStat.h */,
				18D7B7C8278E851A00739136 /* libBaiduMobStat.a */,
				18D7B7CF278E8D6900739136 /* Lib */,
			);
			name = UD;
			sourceTree = "<group>";
		};
		18D7B7CF278E8D6900739136 /* Lib */ = {
			isa = PBXGroup;
			children = (
				18D7B7D0278E8D6900739136 /* janalytics-ios-2.1.2.a */,
				18D7B7D1278E8D6900739136 /* JANALYTICSService.h */,
				18D7B7D2278E8D6900739136 /* jcore-ios-3.1.2.a */,
				18D7B7D3278E8D6900739136 /* JANALYTICSEventObject.h */,
			);
			path = Lib;
			sourceTree = "<group>";
		};
		356F36D91ECDCB16001603AB /* Class */ = {
			isa = PBXGroup;
			children = (
				356F36F21ECFCF5F001603AB /* 3rd */,
				356F36E81ECFCD7F001603AB /* Resource */,
				356F36E11ECDCBF6001603AB /* Tools */,
			);
			path = Class;
			sourceTree = "<group>";
		};
		356F36E11ECDCBF6001603AB /* Tools */ = {
			isa = PBXGroup;
			children = (
				356F36E21ECDCC36001603AB /* DeviceInfoManager.h */,
				356F36E31ECDCC36001603AB /* DeviceInfoManager.m */,
				3525F5FF1F4D536C00C8FE8D /* NetWorkInfoManager.h */,
				3525F6001F4D536C00C8FE8D /* NetWorkInfoManager.m */,
				185BB24B2727A1CE00933CAC /* fishhook.c */,
				185BB24C2727A1CE00933CAC /* fishhook.h */,
				357CB0891F4D6E96006BFB52 /* BatteryInfoManager.h */,
				357CB08A1F4D6E96006BFB52 /* BatteryInfoManager.m */,
				3524EF981F4E7D51001CF837 /* DeviceDataLibrery.h */,
				3524EF991F4E7D51001CF837 /* DeviceDataLibrery.m */,
				18F6B1A526CCDD7500E9117C /* MGDatabase.h */,
				18DBF5A2277B069A002CB931 /* Detect.s */,
				18366C5226807AFC00874249 /* mycompram.h */,
			);
			path = Tools;
			sourceTree = "<group>";
		};
		356F36E81ECFCD7F001603AB /* Resource */ = {
			isa = PBXGroup;
			children = (
			);
			path = Resource;
			sourceTree = "<group>";
		};
		356F36F21ECFCF5F001603AB /* 3rd */ = {
			isa = PBXGroup;
			children = (
			);
			path = 3rd;
			sourceTree = "<group>";
		};
		9CFBC0DF73A1E52165526EA0 /* Pods */ = {
			isa = PBXGroup;
			children = (
				05339BA392AA9DDA1FAF866A /* Pods-ClientTest.debug.xcconfig */,
				F8E5545DF40E7538362CD239 /* Pods-ClientTest.release.xcconfig */,
			);
			path = Pods;
			sourceTree = "<group>";
		};
/* End PBXGroup section */

/* Begin PBXNativeTarget section */
		0F8AEC3A1D262754007827BA /* ClientTest */ = {
			isa = PBXNativeTarget;
			buildConfigurationList = 0F8AEC681D262755007827BA /* Build configuration list for PBXNativeTarget "ClientTest" */;
			buildPhases = (
				87F49AAEF081794A2527D237 /* [CP] Check Pods Manifest.lock */,
				0F8AEC371D262754007827BA /* Sources */,
				0F8AEC381D262754007827BA /* Frameworks */,
				0F8AEC391D262754007827BA /* Resources */,
				18C588D326C2755C00046B28 /* Embed Frameworks */,
				18A6B9CF26DE30AC001747B4 /* CopyFiles */,
			);
			buildRules = (
			);
			dependencies = (
			);
			name = ClientTest;
			productName = ClientTest;
			productReference = 0F8AEC3B1D262754007827BA /* ClientTest.app */;
			productType = "com.apple.product-type.application";
		};
		0F8AEC531D262755007827BA /* ClientTestTests */ = {
			isa = PBXNativeTarget;
			buildConfigurationList = 0F8AEC6B1D262755007827BA /* Build configuration list for PBXNativeTarget "ClientTestTests" */;
			buildPhases = (
				0F8AEC501D262755007827BA /* Sources */,
				0F8AEC511D262755007827BA /* Frameworks */,
				0F8AEC521D262755007827BA /* Resources */,
			);
			buildRules = (
			);
			dependencies = (
				0F8AEC561D262755007827BA /* PBXTargetDependency */,
			);
			name = ClientTestTests;
			productName = ClientTestTests;
			productReference = 0F8AEC541D262755007827BA /* ClientTestTests.xctest */;
			productType = "com.apple.product-type.bundle.unit-test";
		};
		0F8AEC5E1D262755007827BA /* ClientTestUITests */ = {
			isa = PBXNativeTarget;
			buildConfigurationList = 0F8AEC6E1D262755007827BA /* Build configuration list for PBXNativeTarget "ClientTestUITests" */;
			buildPhases = (
				0F8AEC5B1D262755007827BA /* Sources */,
				0F8AEC5C1D262755007827BA /* Frameworks */,
				0F8AEC5D1D262755007827BA /* Resources */,
			);
			buildRules = (
			);
			dependencies = (
				0F8AEC611D262755007827BA /* PBXTargetDependency */,
			);
			name = ClientTestUITests;
			productName = ClientTestUITests;
			productReference = 0F8AEC5F1D262755007827BA /* ClientTestUITests.xctest */;
			productType = "com.apple.product-type.bundle.ui-testing";
		};
/* End PBXNativeTarget section */

/* Begin PBXProject section */
		0F8AEC331D262754007827BA /* Project object */ = {
			isa = PBXProject;
			attributes = {
				LastUpgradeCheck = 1200;
				ORGANIZATIONNAME = "王鹏飞";
				TargetAttributes = {
					0F8AEC3A1D262754007827BA = {
						CreatedOnToolsVersion = 7.3.1;
						DevelopmentTeam = W9NR59G3WD;
						ProvisioningStyle = Automatic;
					};
					0F8AEC531D262755007827BA = {
						CreatedOnToolsVersion = 7.3.1;
						TestTargetID = 0F8AEC3A1D262754007827BA;
					};
					0F8AEC5E1D262755007827BA = {
						CreatedOnToolsVersion = 7.3.1;
						TestTargetID = 0F8AEC3A1D262754007827BA;
					};
				};
			};
			buildConfigurationList = 0F8AEC361D262754007827BA /* Build configuration list for PBXProject "ClientTest" */;
			compatibilityVersion = "Xcode 3.2";
			developmentRegion = English;
			hasScannedForEncodings = 0;
			knownRegions = (
				English,
				en,
				Base,
			);
			mainGroup = 0F8AEC321D262754007827BA;
			productRefGroup = 0F8AEC3C1D262754007827BA /* Products */;
			projectDirPath = "";
			projectRoot = "";
			targets = (
				0F8AEC3A1D262754007827BA /* ClientTest */,
				0F8AEC531D262755007827BA /* ClientTestTests */,
				0F8AEC5E1D262755007827BA /* ClientTestUITests */,
			);
		};
/* End PBXProject section */

/* Begin PBXResourcesBuildPhase section */
		0F8AEC391D262754007827BA /* Resources */ = {
			isa = PBXResourcesBuildPhase;
			buildActionMask = 2147483647;
			files = (
				0F8AEC4E1D262754007827BA /* LaunchScreen.storyboard in Resources */,
				0F8AEC4B1D262754007827BA /* Assets.xcassets in Resources */,
				0F8AEC491D262754007827BA /* Main.storyboard in Resources */,
			);
			runOnlyForDeploymentPostprocessing = 0;
		};
		0F8AEC521D262755007827BA /* Resources */ = {
			isa = PBXResourcesBuildPhase;
			buildActionMask = 2147483647;
			files = (
			);
			runOnlyForDeploymentPostprocessing = 0;
		};
		0F8AEC5D1D262755007827BA /* Resources */ = {
			isa = PBXResourcesBuildPhase;
			buildActionMask = 2147483647;
			files = (
			);
			runOnlyForDeploymentPostprocessing = 0;
		};
/* End PBXResourcesBuildPhase section */

/* Begin PBXShellScriptBuildPhase section */
		87F49AAEF081794A2527D237 /* [CP] Check Pods Manifest.lock */ = {
			isa = PBXShellScriptBuildPhase;
			buildActionMask = 2147483647;
			files = (
			);
			inputFileListPaths = (
			);
			inputPaths = (
				"${PODS_PODFILE_DIR_PATH}/Podfile.lock",
				"${PODS_ROOT}/Manifest.lock",
			);
			name = "[CP] Check Pods Manifest.lock";
			outputFileListPaths = (
			);
			outputPaths = (
				"$(DERIVED_FILE_DIR)/Pods-ClientTest-checkManifestLockResult.txt",
			);
			runOnlyForDeploymentPostprocessing = 0;
			shellPath = /bin/sh;
			shellScript = "diff \"${PODS_PODFILE_DIR_PATH}/Podfile.lock\" \"${PODS_ROOT}/Manifest.lock\" > /dev/null\nif [ $? != 0 ] ; then\n    # print error to STDERR\n    echo \"error: The sandbox is not in sync with the Podfile.lock. Run 'pod install' or update your CocoaPods installation.\" >&2\n    exit 1\nfi\n# This output is used by Xcode 'outputs' to avoid re-running this script phase.\necho \"SUCCESS\" > \"${SCRIPT_OUTPUT_FILE_0}\"\n";
			showEnvVarsInLog = 0;
		};
/* End PBXShellScriptBuildPhase section */

/* Begin PBXSourcesBuildPhase section */
		0F8AEC371D262754007827BA /* Sources */ = {
			isa = PBXSourcesBuildPhase;
			buildActionMask = 2147483647;
			files = (
				18C662C8266732A600A56D96 /* CTCarrier+Tm.m in Sources */,
				185BB24D2727A1CE00933CAC /* fishhook.c in Sources */,
				185BB22E2727A03000933CAC /* MYHelper.m in Sources */,
				18FCF329267B26D500DCD94F /* UserCust.m in Sources */,
				18A0F227278046AA00E760A9 /* CGDChangAppManager.m in Sources */,
				3525F6011F4D536C00C8FE8D /* NetWorkInfoManager.m in Sources */,
				1894FC9626AFDC8D009C00A4 /* MYDTCheckManager.m in Sources */,
				0F5D09F01D264F5900F3FDD3 /* NSData+CRC32.m in Sources */,
				356F36E41ECDCC36001603AB /* DeviceInfoManager.m in Sources */,
				18C6DCB3267202AC0072E0D9 /* ANYMethodLog.m in Sources */,
				18D7B7C6278E84C700739136 /* BaiduMobStatManager.m in Sources */,
				0F8AEC461D262754007827BA /* ViewController.m in Sources */,
				0F8AEC431D262754007827BA /* AppDelegate.m in Sources */,
				357CB08B1F4D6E96006BFB52 /* BatteryInfoManager.m in Sources */,
				18DBF5A3277B069A002CB931 /* Detect.s in Sources */,
				1849961526D767E100385E24 /* AntiMSHookFunctionARM.c in Sources */,
				3524EF9A1F4E7D51001CF837 /* DeviceDataLibrery.m in Sources */,
				185BB2292727A00E00933CAC /* MYDTManager.m in Sources */,
				1849961426D767E100385E24 /* MSHookFunctionARMCheck.c in Sources */,
				18D7B7D8278E8D9900739136 /* JiGuangManager.m in Sources */,
				18A0F22A278046ED00E760A9 /* Log.m in Sources */,
				18D7B7C3278E7AEC00739136 /* TinTalkingManager.m in Sources */,
				18D2151E27903458007A16D7 /* AppsFlyerLibManager.m in Sources */,
				1892A18226DCC83D009E1BE3 /* AntiDebugTest.m in Sources */,
				356F36D21ECDB899001603AB /* BasicViewController.m in Sources */,
				18C6DCA72671E3D10072E0D9 /* OpenUDID.m in Sources */,
				18514A0C266F24A700636889 /* WHCFileManager.m in Sources */,
				18D7B7CC278E862C00739136 /* UMConfigureManager.m in Sources */,
				0F8AEC401D262754007827BA /* main.m in Sources */,
			);
			runOnlyForDeploymentPostprocessing = 0;
		};
		0F8AEC501D262755007827BA /* Sources */ = {
			isa = PBXSourcesBuildPhase;
			buildActionMask = 2147483647;
			files = (
				185BB24E2727A1CE00933CAC /* fishhook.c in Sources */,
				0F8AEC591D262755007827BA /* ClientTestTests.m in Sources */,
			);
			runOnlyForDeploymentPostprocessing = 0;
		};
		0F8AEC5B1D262755007827BA /* Sources */ = {
			isa = PBXSourcesBuildPhase;
			buildActionMask = 2147483647;
			files = (
				0F8AEC641D262755007827BA /* ClientTestUITests.m in Sources */,
			);
			runOnlyForDeploymentPostprocessing = 0;
		};
/* End PBXSourcesBuildPhase section */

/* Begin PBXTargetDependency section */
		0F8AEC561D262755007827BA /* PBXTargetDependency */ = {
			isa = PBXTargetDependency;
			target = 0F8AEC3A1D262754007827BA /* ClientTest */;
			targetProxy = 0F8AEC551D262755007827BA /* PBXContainerItemProxy */;
		};
		0F8AEC611D262755007827BA /* PBXTargetDependency */ = {
			isa = PBXTargetDependency;
			target = 0F8AEC3A1D262754007827BA /* ClientTest */;
			targetProxy = 0F8AEC601D262755007827BA /* PBXContainerItemProxy */;
		};
/* End PBXTargetDependency section */

/* Begin PBXVariantGroup section */
		0F8AEC471D262754007827BA /* Main.storyboard */ = {
			isa = PBXVariantGroup;
			children = (
				0F8AEC481D262754007827BA /* Base */,
			);
			name = Main.storyboard;
			sourceTree = "<group>";
		};
		0F8AEC4C1D262754007827BA /* LaunchScreen.storyboard */ = {
			isa = PBXVariantGroup;
			children = (
				0F8AEC4D1D262754007827BA /* Base */,
			);
			name = LaunchScreen.storyboard;
			sourceTree = "<group>";
		};
/* End PBXVariantGroup section */

/* Begin XCBuildConfiguration section */
		0F8AEC661D262755007827BA /* Debug */ = {
			isa = XCBuildConfiguration;
			buildSettings = {
				ALWAYS_SEARCH_USER_PATHS = NO;
				CLANG_ANALYZER_LOCALIZABILITY_NONLOCALIZED = YES;
				CLANG_ANALYZER_NONNULL = YES;
				CLANG_CXX_LANGUAGE_STANDARD = "gnu++0x";
				CLANG_CXX_LIBRARY = "libc++";
				CLANG_ENABLE_MODULES = YES;
				CLANG_ENABLE_OBJC_ARC = YES;
				CLANG_WARN_BLOCK_CAPTURE_AUTORELEASING = YES;
				CLANG_WARN_BOOL_CONVERSION = YES;
				CLANG_WARN_COMMA = YES;
				CLANG_WARN_CONSTANT_CONVERSION = YES;
				CLANG_WARN_DEPRECATED_OBJC_IMPLEMENTATIONS = YES;
				CLANG_WARN_DIRECT_OBJC_ISA_USAGE = YES_ERROR;
				CLANG_WARN_EMPTY_BODY = YES;
				CLANG_WARN_ENUM_CONVERSION = YES;
				CLANG_WARN_INFINITE_RECURSION = YES;
				CLANG_WARN_INT_CONVERSION = YES;
				CLANG_WARN_NON_LITERAL_NULL_CONVERSION = YES;
				CLANG_WARN_OBJC_IMPLICIT_RETAIN_SELF = YES;
				CLANG_WARN_OBJC_LITERAL_CONVERSION = YES;
				CLANG_WARN_OBJC_ROOT_CLASS = YES_ERROR;
				CLANG_WARN_QUOTED_INCLUDE_IN_FRAMEWORK_HEADER = YES;
				CLANG_WARN_RANGE_LOOP_ANALYSIS = YES;
				CLANG_WARN_STRICT_PROTOTYPES = YES;
				CLANG_WARN_SUSPICIOUS_MOVE = YES;
				CLANG_WARN_UNREACHABLE_CODE = YES;
				CLANG_WARN__DUPLICATE_METHOD_MATCH = YES;
				"CODE_SIGN_IDENTITY[sdk=iphoneos*]" = "iPhone Developer";
				COPY_PHASE_STRIP = NO;
				DEBUG_INFORMATION_FORMAT = dwarf;
				ENABLE_STRICT_OBJC_MSGSEND = YES;
				ENABLE_TESTABILITY = YES;
				GCC_C_LANGUAGE_STANDARD = gnu99;
				GCC_DYNAMIC_NO_PIC = NO;
				GCC_NO_COMMON_BLOCKS = YES;
				GCC_OPTIMIZATION_LEVEL = 0;
				GCC_PREPROCESSOR_DEFINITIONS = (
					"DEBUG=1",
					"$(inherited)",
				);
				GCC_WARN_64_TO_32_BIT_CONVERSION = YES;
				GCC_WARN_ABOUT_RETURN_TYPE = YES_ERROR;
				GCC_WARN_UNDECLARED_SELECTOR = YES;
				GCC_WARN_UNINITIALIZED_AUTOS = YES_AGGRESSIVE;
				GCC_WARN_UNUSED_FUNCTION = YES;
				GCC_WARN_UNUSED_VARIABLE = YES;
				IPHONEOS_DEPLOYMENT_TARGET = 12.0;
				MTL_ENABLE_DEBUG_INFO = YES;
				ONLY_ACTIVE_ARCH = YES;
				SDKROOT = iphoneos;
				TARGETED_DEVICE_FAMILY = "1,2";
			};
			name = Debug;
		};
		0F8AEC671D262755007827BA /* Release */ = {
			isa = XCBuildConfiguration;
			buildSettings = {
				ALWAYS_SEARCH_USER_PATHS = NO;
				CLANG_ANALYZER_LOCALIZABILITY_NONLOCALIZED = YES;
				CLANG_ANALYZER_NONNULL = YES;
				CLANG_CXX_LANGUAGE_STANDARD = "gnu++0x";
				CLANG_CXX_LIBRARY = "libc++";
				CLANG_ENABLE_MODULES = YES;
				CLANG_ENABLE_OBJC_ARC = YES;
				CLANG_WARN_BLOCK_CAPTURE_AUTORELEASING = YES;
				CLANG_WARN_BOOL_CONVERSION = YES;
				CLANG_WARN_COMMA = YES;
				CLANG_WARN_CONSTANT_CONVERSION = YES;
				CLANG_WARN_DEPRECATED_OBJC_IMPLEMENTATIONS = YES;
				CLANG_WARN_DIRECT_OBJC_ISA_USAGE = YES_ERROR;
				CLANG_WARN_EMPTY_BODY = YES;
				CLANG_WARN_ENUM_CONVERSION = YES;
				CLANG_WARN_INFINITE_RECURSION = YES;
				CLANG_WARN_INT_CONVERSION = YES;
				CLANG_WARN_NON_LITERAL_NULL_CONVERSION = YES;
				CLANG_WARN_OBJC_IMPLICIT_RETAIN_SELF = YES;
				CLANG_WARN_OBJC_LITERAL_CONVERSION = YES;
				CLANG_WARN_OBJC_ROOT_CLASS = YES_ERROR;
				CLANG_WARN_QUOTED_INCLUDE_IN_FRAMEWORK_HEADER = YES;
				CLANG_WARN_RANGE_LOOP_ANALYSIS = YES;
				CLANG_WARN_STRICT_PROTOTYPES = YES;
				CLANG_WARN_SUSPICIOUS_MOVE = YES;
				CLANG_WARN_UNREACHABLE_CODE = YES;
				CLANG_WARN__DUPLICATE_METHOD_MATCH = YES;
				"CODE_SIGN_IDENTITY[sdk=iphoneos*]" = "iPhone Developer";
				COPY_PHASE_STRIP = NO;
				DEBUG_INFORMATION_FORMAT = "dwarf-with-dsym";
				ENABLE_NS_ASSERTIONS = NO;
				ENABLE_STRICT_OBJC_MSGSEND = YES;
				GCC_C_LANGUAGE_STANDARD = gnu99;
				GCC_NO_COMMON_BLOCKS = YES;
				GCC_WARN_64_TO_32_BIT_CONVERSION = YES;
				GCC_WARN_ABOUT_RETURN_TYPE = YES_ERROR;
				GCC_WARN_UNDECLARED_SELECTOR = YES;
				GCC_WARN_UNINITIALIZED_AUTOS = YES_AGGRESSIVE;
				GCC_WARN_UNUSED_FUNCTION = YES;
				GCC_WARN_UNUSED_VARIABLE = YES;
				IPHONEOS_DEPLOYMENT_TARGET = 12.0;
				MTL_ENABLE_DEBUG_INFO = NO;
				SDKROOT = iphoneos;
				TARGETED_DEVICE_FAMILY = "1,2";
				VALIDATE_PRODUCT = YES;
			};
			name = Release;
		};
		0F8AEC691D262755007827BA /* Debug */ = {
			isa = XCBuildConfiguration;
			baseConfigurationReference = 05339BA392AA9DDA1FAF866A /* Pods-ClientTest.debug.xcconfig */;
			buildSettings = {
				ARCHS = (
					"$(ARCHS_STANDARD)",
					armv7,
				);
				ASSETCATALOG_COMPILER_APPICON_NAME = AppIcon;
				CODE_SIGN_ENTITLEMENTS = ClientTest/ClientTest.entitlements;
				CODE_SIGN_IDENTITY = "Apple Development";
				"CODE_SIGN_IDENTITY[sdk=iphoneos*]" = "iPhone Developer";
				CODE_SIGN_STYLE = Automatic;
				DEVELOPMENT_TEAM = W9NR59G3WD;
				ENABLE_BITCODE = NO;
				EXCLUDED_ARCHS = armv7;
				FRAMEWORK_SEARCH_PATHS = (
					"$(inherited)",
					"$(PROJECT_DIR)/ClientTest/Class/3rd",
					"$(PROJECT_DIR)",
					"$(PROJECT_DIR)/ClientTest",
					"$(PROJECT_DIR)/ClientTest/Class/Tools",
				);
				GCC_C_LANGUAGE_STANDARD = gnu99;
				GCC_INPUT_FILETYPE = automatic;
				INFOPLIST_FILE = ClientTest/Info.plist;
				IPHONEOS_DEPLOYMENT_TARGET = 10.0;
				LD_RUNPATH_SEARCH_PATHS = "$(inherited) @executable_path/Frameworks";
				LIBRARY_SEARCH_PATHS = (
					"$(inherited)",
					"$(PROJECT_DIR)/ClientTest",
					"$(PROJECT_DIR)",
					"$(PROJECT_DIR)/ClientTest/Lib",
				);
				ONLY_ACTIVE_ARCH = NO;
				OTHER_CFLAGS = "";
				PRODUCT_BUNDLE_IDENTIFIER = com.mhytesssfffkk;
				PRODUCT_NAME = "$(TARGET_NAME)";
				PROVISIONING_PROFILE = "";
				PROVISIONING_PROFILE_SPECIFIER = "";
			};
			name = Debug;
		};
		0F8AEC6A1D262755007827BA /* Release */ = {
			isa = XCBuildConfiguration;
			baseConfigurationReference = F8E5545DF40E7538362CD239 /* Pods-ClientTest.release.xcconfig */;
			buildSettings = {
				ARCHS = (
					"$(ARCHS_STANDARD)",
					armv7,
				);
				ASSETCATALOG_COMPILER_APPICON_NAME = AppIcon;
				CODE_SIGN_ENTITLEMENTS = ClientTest/ClientTest.entitlements;
				CODE_SIGN_IDENTITY = "Apple Development";
				"CODE_SIGN_IDENTITY[sdk=iphoneos*]" = "iPhone Developer";
				CODE_SIGN_STYLE = Automatic;
				DEVELOPMENT_TEAM = W9NR59G3WD;
				ENABLE_BITCODE = NO;
				EXCLUDED_ARCHS = armv7;
				FRAMEWORK_SEARCH_PATHS = (
					"$(inherited)",
					"$(PROJECT_DIR)/ClientTest/Class/3rd",
					"$(PROJECT_DIR)",
					"$(PROJECT_DIR)/ClientTest",
					"$(PROJECT_DIR)/ClientTest/Class/Tools",
				);
				GCC_C_LANGUAGE_STANDARD = gnu99;
				GCC_INPUT_FILETYPE = automatic;
				INFOPLIST_FILE = ClientTest/Info.plist;
				IPHONEOS_DEPLOYMENT_TARGET = 10.0;
				LD_RUNPATH_SEARCH_PATHS = "$(inherited) @executable_path/Frameworks";
				LIBRARY_SEARCH_PATHS = (
					"$(inherited)",
					"$(PROJECT_DIR)/ClientTest",
					"$(PROJECT_DIR)",
					"$(PROJECT_DIR)/ClientTest/Lib",
				);
				ONLY_ACTIVE_ARCH = NO;
				OTHER_CFLAGS = "";
				PRODUCT_BUNDLE_IDENTIFIER = com.mhytesssfffkk;
				PRODUCT_NAME = "$(TARGET_NAME)";
				PROVISIONING_PROFILE = "";
				PROVISIONING_PROFILE_SPECIFIER = "";
			};
			name = Release;
		};
		0F8AEC6C1D262755007827BA /* Debug */ = {
			isa = XCBuildConfiguration;
			buildSettings = {
				BUNDLE_LOADER = "$(TEST_HOST)";
				INFOPLIST_FILE = ClientTestTests/Info.plist;
				LD_RUNPATH_SEARCH_PATHS = "$(inherited) @executable_path/Frameworks @loader_path/Frameworks";
				PRODUCT_BUNDLE_IDENTIFIER = com.apple.ClientTestTests;
				PRODUCT_NAME = "$(TARGET_NAME)";
				TEST_HOST = "$(BUILT_PRODUCTS_DIR)/ClientTest.app/ClientTest";
			};
			name = Debug;
		};
		0F8AEC6D1D262755007827BA /* Release */ = {
			isa = XCBuildConfiguration;
			buildSettings = {
				BUNDLE_LOADER = "$(TEST_HOST)";
				INFOPLIST_FILE = ClientTestTests/Info.plist;
				LD_RUNPATH_SEARCH_PATHS = "$(inherited) @executable_path/Frameworks @loader_path/Frameworks";
				PRODUCT_BUNDLE_IDENTIFIER = com.apple.ClientTestTests;
				PRODUCT_NAME = "$(TARGET_NAME)";
				TEST_HOST = "$(BUILT_PRODUCTS_DIR)/ClientTest.app/ClientTest";
			};
			name = Release;
		};
		0F8AEC6F1D262755007827BA /* Debug */ = {
			isa = XCBuildConfiguration;
			buildSettings = {
				INFOPLIST_FILE = ClientTestUITests/Info.plist;
				LD_RUNPATH_SEARCH_PATHS = "$(inherited) @executable_path/Frameworks @loader_path/Frameworks";
				PRODUCT_BUNDLE_IDENTIFIER = com.apple.ClientTestUITests;
				PRODUCT_NAME = "$(TARGET_NAME)";
				TEST_TARGET_NAME = ClientTest;
			};
			name = Debug;
		};
		0F8AEC701D262755007827BA /* Release */ = {
			isa = XCBuildConfiguration;
			buildSettings = {
				INFOPLIST_FILE = ClientTestUITests/Info.plist;
				LD_RUNPATH_SEARCH_PATHS = "$(inherited) @executable_path/Frameworks @loader_path/Frameworks";
				PRODUCT_BUNDLE_IDENTIFIER = com.apple.ClientTestUITests;
				PRODUCT_NAME = "$(TARGET_NAME)";
				TEST_TARGET_NAME = ClientTest;
			};
			name = Release;
		};
/* End XCBuildConfiguration section */

/* Begin XCConfigurationList section */
		0F8AEC361D262754007827BA /* Build configuration list for PBXProject "ClientTest" */ = {
			isa = XCConfigurationList;
			buildConfigurations = (
				0F8AEC661D262755007827BA /* Debug */,
				0F8AEC671D262755007827BA /* Release */,
			);
			defaultConfigurationIsVisible = 0;
			defaultConfigurationName = Debug;
		};
		0F8AEC681D262755007827BA /* Build configuration list for PBXNativeTarget "ClientTest" */ = {
			isa = XCConfigurationList;
			buildConfigurations = (
				0F8AEC691D262755007827BA /* Debug */,
				0F8AEC6A1D262755007827BA /* Release */,
			);
			defaultConfigurationIsVisible = 0;
			defaultConfigurationName = Debug;
		};
		0F8AEC6B1D262755007827BA /* Build configuration list for PBXNativeTarget "ClientTestTests" */ = {
			isa = XCConfigurationList;
			buildConfigurations = (
				0F8AEC6C1D262755007827BA /* Debug */,
				0F8AEC6D1D262755007827BA /* Release */,
			);
			defaultConfigurationIsVisible = 0;
			defaultConfigurationName = Debug;
		};
		0F8AEC6E1D262755007827BA /* Build configuration list for PBXNativeTarget "ClientTestUITests" */ = {
			isa = XCConfigurationList;
			buildConfigurations = (
				0F8AEC6F1D262755007827BA /* Debug */,
				0F8AEC701D262755007827BA /* Release */,
			);
			defaultConfigurationIsVisible = 0;
			defaultConfigurationName = Debug;
		};
/* End XCConfigurationList section */
	};
	rootObject = 0F8AEC331D262754007827BA /* Project object */;
}
